
Microsoft Visual Studio Solution File, Format Version 12.00
# Visual Studio Version 16
VisualStudioVersion = 16.0.34407.143
MinimumVisualStudioVersion = 10.0.40219.1
Project("{8BC9CEB8-8B4A-11D0-8D11-00A0C91BC942}") = "Project43", "Project43\Project43.vcxproj", "{5DEB1156-9364-4C14-8A24-9BAB9EE6A0EF}"
EndProject
Global
	GlobalSection(SolutionConfigurationPlatforms) = preSolution
		Debug|x64 = Debug|x64
		Debug|x86 = Debug|x86
		Release|x64 = Release|x64
		Release|x86 = Release|x86
	EndGlobalSection
	GlobalSection(ProjectConfigurationPlatforms) = postSolution
		{5DEB1156-9364-4C14-8A24-9BAB9EE6A0EF}.Debug|x64.ActiveCfg = Debug|x64
		{5DEB1156-9364-4C14-8A24-9BAB9EE6A0EF}.Debug|x64.Build.0 = Debug|x64
		{5DEB1156-9364-4C14-8A24-9BAB9EE6A0EF}.Debug|x86.ActiveCfg = Debug|Win32
		{5DEB1156-9364-4C14-8A24-9BAB9EE6A0EF}.Debug|x86.Build.0 = Debug|Win32
		{5DEB1156-9364-4C14-8A24-9BAB9EE6A0EF}.Release|x64.ActiveCfg = Release|x64
		{5DEB1156-9364-4C14-8A24-9BAB9EE6A0EF}.Release|x64.Build.0 = Release|x64
		{5DEB1156-9364-4C14-8A24-9BAB9EE6A0EF}.Release|x86.ActiveCfg = Release|Win32
		{5DEB1156-9364-4C14-8A24-9BAB9EE6A0EF}.Release|x86.Build.0 = Release|Win32
	EndGlobalSection
	GlobalSection(SolutionProperties) = preSolution
		HideSolutionNode = FALSE
	EndGlobalSection
	GlobalSection(ExtensibilityGlobals) = postSolution
		SolutionGuid = {5A40482D-E094-4781-BC40-E50C76B1A0ED}
	EndGlobalSection
EndGlobal
